
Microsoft Visual Studio Solution File, Format Version 12.00
# Visual Studio Version 16
VisualStudioVersion = 16.0.30503.244
MinimumVisualStudioVersion = 10.0.40219.1
Project("{FAE04EC0-301F-11D3-BF4B-00C04F79EFBC}") = "DependencyInjection_constructor", "DependencyInjection_constructor\DependencyInjection_constructor.csproj", "{B6E38CC2-0A4D-41B4-A901-C23EFE9DD7C3}"
EndProject
Project("{FAE04EC0-301F-11D3-BF4B-00C04F79EFBC}") = "DependencyInjection_property", "DependencyInjection_property\DependencyInjection_property.csproj", "{B39F4DE7-72E5-4E58-8DCF-2DC54FBC3660}"
EndProject
Project("{FAE04EC0-301F-11D3-BF4B-00C04F79EFBC}") = "Singleton", "Singleton\Singleton.csproj", "{FA81CF93-1060-4BD0-8721-D68686A2DDA6}"
EndProject
Project("{FAE04EC0-301F-11D3-BF4B-00C04F79EFBC}") = "FactoryPattern", "FactoryPattern\FactoryPattern.csproj", "{3E85EEE9-3F6C-4F15-B246-013820019C3D}"
EndProject
Project("{FAE04EC0-301F-11D3-BF4B-00C04F79EFBC}") = "RepositoryUsingEFinMVC", "RepositoryUsingEFinMVC\RepositoryUsingEFinMVC.csproj", "{5F36AC8A-A7FB-440B-9A7F-3CF3B004AE10}"
EndProject
Project("{FAE04EC0-301F-11D3-BF4B-00C04F79EFBC}") = "AbstractFactory", "AbstractFactory\AbstractFactory.csproj", "{97706D32-667C-45AB-941D-2BBFD2CBAEF5}"
EndProject
Global
	GlobalSection(SolutionConfigurationPlatforms) = preSolution
		Debug|Any CPU = Debug|Any CPU
		Release|Any CPU = Release|Any CPU
	EndGlobalSection
	GlobalSection(ProjectConfigurationPlatforms) = postSolution
		{B6E38CC2-0A4D-41B4-A901-C23EFE9DD7C3}.Debug|Any CPU.ActiveCfg = Debug|Any CPU
		{B6E38CC2-0A4D-41B4-A901-C23EFE9DD7C3}.Debug|Any CPU.Build.0 = Debug|Any CPU
		{B6E38CC2-0A4D-41B4-A901-C23EFE9DD7C3}.Release|Any CPU.ActiveCfg = Release|Any CPU
		{B6E38CC2-0A4D-41B4-A901-C23EFE9DD7C3}.Release|Any CPU.Build.0 = Release|Any CPU
		{B39F4DE7-72E5-4E58-8DCF-2DC54FBC3660}.Debug|Any CPU.ActiveCfg = Debug|Any CPU
		{B39F4DE7-72E5-4E58-8DCF-2DC54FBC3660}.Debug|Any CPU.Build.0 = Debug|Any CPU
		{B39F4DE7-72E5-4E58-8DCF-2DC54FBC3660}.Release|Any CPU.ActiveCfg = Release|Any CPU
		{B39F4DE7-72E5-4E58-8DCF-2DC54FBC3660}.Release|Any CPU.Build.0 = Release|Any CPU
		{FA81CF93-1060-4BD0-8721-D68686A2DDA6}.Debug|Any CPU.ActiveCfg = Debug|Any CPU
		{FA81CF93-1060-4BD0-8721-D68686A2DDA6}.Debug|Any CPU.Build.0 = Debug|Any CPU
		{FA81CF93-1060-4BD0-8721-D68686A2DDA6}.Release|Any CPU.ActiveCfg = Release|Any CPU
		{FA81CF93-1060-4BD0-8721-D68686A2DDA6}.Release|Any CPU.Build.0 = Release|Any CPU
		{3E85EEE9-3F6C-4F15-B246-013820019C3D}.Debug|Any CPU.ActiveCfg = Debug|Any CPU
		{3E85EEE9-3F6C-4F15-B246-013820019C3D}.Debug|Any CPU.Build.0 = Debug|Any CPU
		{3E85EEE9-3F6C-4F15-B246-013820019C3D}.Release|Any CPU.ActiveCfg = Release|Any CPU
		{3E85EEE9-3F6C-4F15-B246-013820019C3D}.Release|Any CPU.Build.0 = Release|Any CPU
		{5F36AC8A-A7FB-440B-9A7F-3CF3B004AE10}.Debug|Any CPU.ActiveCfg = Debug|Any CPU
		{5F36AC8A-A7FB-440B-9A7F-3CF3B004AE10}.Debug|Any CPU.Build.0 = Debug|Any CPU
		{5F36AC8A-A7FB-440B-9A7F-3CF3B004AE10}.Release|Any CPU.ActiveCfg = Release|Any CPU
		{5F36AC8A-A7FB-440B-9A7F-3CF3B004AE10}.Release|Any CPU.Build.0 = Release|Any CPU
		{97706D32-667C-45AB-941D-2BBFD2CBAEF5}.Debug|Any CPU.ActiveCfg = Debug|Any CPU
		{97706D32-667C-45AB-941D-2BBFD2CBAEF5}.Debug|Any CPU.Build.0 = Debug|Any CPU
		{97706D32-667C-45AB-941D-2BBFD2CBAEF5}.Release|Any CPU.ActiveCfg = Release|Any CPU
		{97706D32-667C-45AB-941D-2BBFD2CBAEF5}.Release|Any CPU.Build.0 = Release|Any CPU
	EndGlobalSection
	GlobalSection(SolutionProperties) = preSolution
		HideSolutionNode = FALSE
	EndGlobalSection
	GlobalSection(ExtensibilityGlobals) = postSolution
		SolutionGuid = {510FE605-AD6D-49E0-B78E-25DC72D4101E}
	EndGlobalSection
EndGlobal
